
Microsoft Visual Studio Solution File, Format Version 12.00
# Visual Studio Version 17
VisualStudioVersion = 17.10.34928.147
MinimumVisualStudioVersion = 10.0.40219.1
Project("{FAE04EC0-301F-11D3-BF4B-00C04F79EFBC}") = "LinkedList", "LinkedList\LinkedList.csproj", "{6FDBB50A-E950-4DC3-853B-DC9568FA6BBB}"
EndProject
Project("{FAE04EC0-301F-11D3-BF4B-00C04F79EFBC}") = "LinkedListTest", "LinkedListTest\LinkedListTest.csproj", "{10E667F7-88D3-47FF-9746-8FD9EA44E9D7}"
EndProject
Global
	GlobalSection(SolutionConfigurationPlatforms) = preSolution
		Debug|Any CPU = Debug|Any CPU
		Release|Any CPU = Release|Any CPU
	EndGlobalSection
	GlobalSection(ProjectConfigurationPlatforms) = postSolution
		{6FDBB50A-E950-4DC3-853B-DC9568FA6BBB}.Debug|Any CPU.ActiveCfg = Debug|Any CPU
		{6FDBB50A-E950-4DC3-853B-DC9568FA6BBB}.Debug|Any CPU.Build.0 = Debug|Any CPU
		{6FDBB50A-E950-4DC3-853B-DC9568FA6BBB}.Release|Any CPU.ActiveCfg = Release|Any CPU
		{6FDBB50A-E950-4DC3-853B-DC9568FA6BBB}.Release|Any CPU.Build.0 = Release|Any CPU
		{10E667F7-88D3-47FF-9746-8FD9EA44E9D7}.Debug|Any CPU.ActiveCfg = Debug|Any CPU
		{10E667F7-88D3-47FF-9746-8FD9EA44E9D7}.Debug|Any CPU.Build.0 = Debug|Any CPU
		{10E667F7-88D3-47FF-9746-8FD9EA44E9D7}.Release|Any CPU.ActiveCfg = Release|Any CPU
		{10E667F7-88D3-47FF-9746-8FD9EA44E9D7}.Release|Any CPU.Build.0 = Release|Any CPU
	EndGlobalSection
	GlobalSection(SolutionProperties) = preSolution
		HideSolutionNode = FALSE
	EndGlobalSection
	GlobalSection(ExtensibilityGlobals) = postSolution
		SolutionGuid = {657DEF7C-B5BF-4DD6-9D6E-52A40843F8B4}
	EndGlobalSection
EndGlobal
