
Microsoft Visual Studio Solution File, Format Version 12.00
# Visual Studio Version 17
VisualStudioVersion = 17.10.34928.147
MinimumVisualStudioVersion = 10.0.40219.1
Project("{9A19103F-16F7-4668-BE54-9A1E7A4F7556}") = "TreeImplementation", "TreeImplementation\TreeImplementation.csproj", "{71E455D1-4289-43F3-BE9C-75AACE2BD913}"
EndProject
Project("{FAE04EC0-301F-11D3-BF4B-00C04F79EFBC}") = "TreeImplementationTest", "TreeImplementationTest\TreeImplementationTest.csproj", "{EAE85775-31FA-41C8-820A-2E16D89EC8E0}"
EndProject
Global
	GlobalSection(SolutionConfigurationPlatforms) = preSolution
		Debug|Any CPU = Debug|Any CPU
		Release|Any CPU = Release|Any CPU
	EndGlobalSection
	GlobalSection(ProjectConfigurationPlatforms) = postSolution
		{71E455D1-4289-43F3-BE9C-75AACE2BD913}.Debug|Any CPU.ActiveCfg = Debug|Any CPU
		{71E455D1-4289-43F3-BE9C-75AACE2BD913}.Debug|Any CPU.Build.0 = Debug|Any CPU
		{71E455D1-4289-43F3-BE9C-75AACE2BD913}.Release|Any CPU.ActiveCfg = Release|Any CPU
		{71E455D1-4289-43F3-BE9C-75AACE2BD913}.Release|Any CPU.Build.0 = Release|Any CPU
		{EAE85775-31FA-41C8-820A-2E16D89EC8E0}.Debug|Any CPU.ActiveCfg = Debug|Any CPU
		{EAE85775-31FA-41C8-820A-2E16D89EC8E0}.Debug|Any CPU.Build.0 = Debug|Any CPU
		{EAE85775-31FA-41C8-820A-2E16D89EC8E0}.Release|Any CPU.ActiveCfg = Release|Any CPU
		{EAE85775-31FA-41C8-820A-2E16D89EC8E0}.Release|Any CPU.Build.0 = Release|Any CPU
	EndGlobalSection
	GlobalSection(SolutionProperties) = preSolution
		HideSolutionNode = FALSE
	EndGlobalSection
	GlobalSection(ExtensibilityGlobals) = postSolution
		SolutionGuid = {F1FBAB5E-A065-454D-92C2-8A729919653A}
	EndGlobalSection
EndGlobal
